
Microsoft Visual Studio Solution File, Format Version 12.00
# Visual Studio Version 17
VisualStudioVersion = 17.0.31903.59
MinimumVisualStudioVersion = 10.0.40219.1
Project("{FAE04EC0-301F-11D3-BF4B-00C04F79EFBC}") = "Console", "Console\Console.csproj", "{99B758FF-DF3E-4807-B8A5-792A1669699B}"
EndProject
Project("{FAE04EC0-301F-11D3-BF4B-00C04F79EFBC}") = "Core", "Core\Core.csproj", "{9C7C6000-E3A7-4D67-A8BF-A4ADA5894867}"
EndProject
Project("{FAE04EC0-301F-11D3-BF4B-00C04F79EFBC}") = "Api", "Api\Api.csproj", "{87FF7315-88D6-4624-8700-1062A825F9FE}"
EndProject
Project("{FAE04EC0-301F-11D3-BF4B-00C04F79EFBC}") = "App", "App\App.csproj", "{4C76A9E3-AB7D-4E53-9290-E1AA81F2FED5}"
EndProject
Project("{FAE04EC0-301F-11D3-BF4B-00C04F79EFBC}") = "Infrastructure", "Infrastructure\Infrastructure.csproj", "{FEE78208-3868-4E4D-AEA9-3D075B9F60BF}"
EndProject
Global
	GlobalSection(SolutionConfigurationPlatforms) = preSolution
		Debug|Any CPU = Debug|Any CPU
		Debug|x64 = Debug|x64
		Debug|x86 = Debug|x86
		Release|Any CPU = Release|Any CPU
		Release|x64 = Release|x64
		Release|x86 = Release|x86
	EndGlobalSection
	GlobalSection(ProjectConfigurationPlatforms) = postSolution
		{99B758FF-DF3E-4807-B8A5-792A1669699B}.Debug|Any CPU.ActiveCfg = Debug|Any CPU
		{99B758FF-DF3E-4807-B8A5-792A1669699B}.Debug|Any CPU.Build.0 = Debug|Any CPU
		{99B758FF-DF3E-4807-B8A5-792A1669699B}.Debug|x64.ActiveCfg = Debug|Any CPU
		{99B758FF-DF3E-4807-B8A5-792A1669699B}.Debug|x64.Build.0 = Debug|Any CPU
		{99B758FF-DF3E-4807-B8A5-792A1669699B}.Debug|x86.ActiveCfg = Debug|Any CPU
		{99B758FF-DF3E-4807-B8A5-792A1669699B}.Debug|x86.Build.0 = Debug|Any CPU
		{99B758FF-DF3E-4807-B8A5-792A1669699B}.Release|Any CPU.ActiveCfg = Release|Any CPU
		{99B758FF-DF3E-4807-B8A5-792A1669699B}.Release|Any CPU.Build.0 = Release|Any CPU
		{99B758FF-DF3E-4807-B8A5-792A1669699B}.Release|x64.ActiveCfg = Release|Any CPU
		{99B758FF-DF3E-4807-B8A5-792A1669699B}.Release|x64.Build.0 = Release|Any CPU
		{99B758FF-DF3E-4807-B8A5-792A1669699B}.Release|x86.ActiveCfg = Release|Any CPU
		{99B758FF-DF3E-4807-B8A5-792A1669699B}.Release|x86.Build.0 = Release|Any CPU
		{9C7C6000-E3A7-4D67-A8BF-A4ADA5894867}.Debug|Any CPU.ActiveCfg = Debug|Any CPU
		{9C7C6000-E3A7-4D67-A8BF-A4ADA5894867}.Debug|Any CPU.Build.0 = Debug|Any CPU
		{9C7C6000-E3A7-4D67-A8BF-A4ADA5894867}.Debug|x64.ActiveCfg = Debug|Any CPU
		{9C7C6000-E3A7-4D67-A8BF-A4ADA5894867}.Debug|x64.Build.0 = Debug|Any CPU
		{9C7C6000-E3A7-4D67-A8BF-A4ADA5894867}.Debug|x86.ActiveCfg = Debug|Any CPU
		{9C7C6000-E3A7-4D67-A8BF-A4ADA5894867}.Debug|x86.Build.0 = Debug|Any CPU
		{9C7C6000-E3A7-4D67-A8BF-A4ADA5894867}.Release|Any CPU.ActiveCfg = Release|Any CPU
		{9C7C6000-E3A7-4D67-A8BF-A4ADA5894867}.Release|Any CPU.Build.0 = Release|Any CPU
		{9C7C6000-E3A7-4D67-A8BF-A4ADA5894867}.Release|x64.ActiveCfg = Release|Any CPU
		{9C7C6000-E3A7-4D67-A8BF-A4ADA5894867}.Release|x64.Build.0 = Release|Any CPU
		{9C7C6000-E3A7-4D67-A8BF-A4ADA5894867}.Release|x86.ActiveCfg = Release|Any CPU
		{9C7C6000-E3A7-4D67-A8BF-A4ADA5894867}.Release|x86.Build.0 = Release|Any CPU
		{87FF7315-88D6-4624-8700-1062A825F9FE}.Debug|Any CPU.ActiveCfg = Debug|Any CPU
		{87FF7315-88D6-4624-8700-1062A825F9FE}.Debug|Any CPU.Build.0 = Debug|Any CPU
		{87FF7315-88D6-4624-8700-1062A825F9FE}.Debug|x64.ActiveCfg = Debug|Any CPU
		{87FF7315-88D6-4624-8700-1062A825F9FE}.Debug|x64.Build.0 = Debug|Any CPU
		{87FF7315-88D6-4624-8700-1062A825F9FE}.Debug|x86.ActiveCfg = Debug|Any CPU
		{87FF7315-88D6-4624-8700-1062A825F9FE}.Debug|x86.Build.0 = Debug|Any CPU
		{87FF7315-88D6-4624-8700-1062A825F9FE}.Release|Any CPU.ActiveCfg = Release|Any CPU
		{87FF7315-88D6-4624-8700-1062A825F9FE}.Release|Any CPU.Build.0 = Release|Any CPU
		{87FF7315-88D6-4624-8700-1062A825F9FE}.Release|x64.ActiveCfg = Release|Any CPU
		{87FF7315-88D6-4624-8700-1062A825F9FE}.Release|x64.Build.0 = Release|Any CPU
		{87FF7315-88D6-4624-8700-1062A825F9FE}.Release|x86.ActiveCfg = Release|Any CPU
		{87FF7315-88D6-4624-8700-1062A825F9FE}.Release|x86.Build.0 = Release|Any CPU
		{4C76A9E3-AB7D-4E53-9290-E1AA81F2FED5}.Debug|Any CPU.ActiveCfg = Debug|Any CPU
		{4C76A9E3-AB7D-4E53-9290-E1AA81F2FED5}.Debug|Any CPU.Build.0 = Debug|Any CPU
		{4C76A9E3-AB7D-4E53-9290-E1AA81F2FED5}.Debug|x64.ActiveCfg = Debug|Any CPU
		{4C76A9E3-AB7D-4E53-9290-E1AA81F2FED5}.Debug|x64.Build.0 = Debug|Any CPU
		{4C76A9E3-AB7D-4E53-9290-E1AA81F2FED5}.Debug|x86.ActiveCfg = Debug|Any CPU
		{4C76A9E3-AB7D-4E53-9290-E1AA81F2FED5}.Debug|x86.Build.0 = Debug|Any CPU
		{4C76A9E3-AB7D-4E53-9290-E1AA81F2FED5}.Release|Any CPU.ActiveCfg = Release|Any CPU
		{4C76A9E3-AB7D-4E53-9290-E1AA81F2FED5}.Release|Any CPU.Build.0 = Release|Any CPU
		{4C76A9E3-AB7D-4E53-9290-E1AA81F2FED5}.Release|x64.ActiveCfg = Release|Any CPU
		{4C76A9E3-AB7D-4E53-9290-E1AA81F2FED5}.Release|x64.Build.0 = Release|Any CPU
		{4C76A9E3-AB7D-4E53-9290-E1AA81F2FED5}.Release|x86.ActiveCfg = Release|Any CPU
		{4C76A9E3-AB7D-4E53-9290-E1AA81F2FED5}.Release|x86.Build.0 = Release|Any CPU
		{FEE78208-3868-4E4D-AEA9-3D075B9F60BF}.Debug|Any CPU.ActiveCfg = Debug|Any CPU
		{FEE78208-3868-4E4D-AEA9-3D075B9F60BF}.Debug|Any CPU.Build.0 = Debug|Any CPU
		{FEE78208-3868-4E4D-AEA9-3D075B9F60BF}.Debug|x64.ActiveCfg = Debug|Any CPU
		{FEE78208-3868-4E4D-AEA9-3D075B9F60BF}.Debug|x64.Build.0 = Debug|Any CPU
		{FEE78208-3868-4E4D-AEA9-3D075B9F60BF}.Debug|x86.ActiveCfg = Debug|Any CPU
		{FEE78208-3868-4E4D-AEA9-3D075B9F60BF}.Debug|x86.Build.0 = Debug|Any CPU
		{FEE78208-3868-4E4D-AEA9-3D075B9F60BF}.Release|Any CPU.ActiveCfg = Release|Any CPU
		{FEE78208-3868-4E4D-AEA9-3D075B9F60BF}.Release|Any CPU.Build.0 = Release|Any CPU
		{FEE78208-3868-4E4D-AEA9-3D075B9F60BF}.Release|x64.ActiveCfg = Release|Any CPU
		{FEE78208-3868-4E4D-AEA9-3D075B9F60BF}.Release|x64.Build.0 = Release|Any CPU
		{FEE78208-3868-4E4D-AEA9-3D075B9F60BF}.Release|x86.ActiveCfg = Release|Any CPU
		{FEE78208-3868-4E4D-AEA9-3D075B9F60BF}.Release|x86.Build.0 = Release|Any CPU
	EndGlobalSection
	GlobalSection(SolutionProperties) = preSolution
		HideSolutionNode = FALSE
	EndGlobalSection
EndGlobal
